dependencies:
  '@rush-temp/a': 'file:projects/a.tgz'
  '@rush-temp/b': 'file:projects/b.tgz'
  '@rush-temp/c': 'file:projects/c.tgz'
lockfileVersion: 5.1
packages:
  'file:projects/a.tgz':
    dev: false
    name: '@rush-temp/a'
    resolution:
      integrity: sha512-zVtyBCtwRtuorqJoK1zfZV/90XNbnUwF6z//qCLfPK0XZyXobWVbN14bpncXOA0fkiQKEZOpHVEMJCm924CujQ==
      tarball: 'file:projects/a.tgz'
    version: 0.0.0
  'file:projects/b.tgz':
    dev: false
    name: '@rush-temp/b'
    resolution:
      integrity: sha512-+ubAgcfe5Jh1Mx/MPKv90I64tMAKaRTac/iYtfnaSo2F3AOKDWWhqrROEFluvnluBuvsNHy9jPiYMVizn3tyGg==
      tarball: 'file:projects/b.tgz'
    version: 0.0.0
  'file:projects/c.tgz':
    dev: false
    name: '@rush-temp/c'
    resolution:
      integrity: sha512-h4q5gFbsZ2e2sWvhgzPmNvFNc7jzODgtlKMq6HIW+kZSC9+MSgXdecbqroQqqj/7SUXqJM6dwUgs1YkK7aTd7w==
      tarball: 'file:projects/c.tgz'
    version: 0.0.0
registry: ''
specifiers:
  '@rush-temp/a': 'file:./projects/a.tgz'
  '@rush-temp/b': 'file:./projects/b.tgz'
  '@rush-temp/c': 'file:./projects/c.tgz'
